
Microsoft Visual Studio Solution File, Format Version 12.00
# Visual Studio Version 17
VisualStudioVersion = 17.14.36616.10 d17.14
MinimumVisualStudioVersion = 10.0.40219.1
Project("{FAE04EC0-301F-11D3-BF4B-00C04F79EFBC}") = "çokdillisözlük", "çokdillisözlük\çokdillisözlük.csproj", "{CEF939A4-2167-42E0-A4AA-9F95DBE784B9}"
EndProject
Global
	GlobalSection(SolutionConfigurationPlatforms) = preSolution
		Debug|Any CPU = Debug|Any CPU
		Release|Any CPU = Release|Any CPU
	EndGlobalSection
	GlobalSection(ProjectConfigurationPlatforms) = postSolution
		{CEF939A4-2167-42E0-A4AA-9F95DBE784B9}.Debug|Any CPU.ActiveCfg = Debug|Any CPU
		{CEF939A4-2167-42E0-A4AA-9F95DBE784B9}.Debug|Any CPU.Build.0 = Debug|Any CPU
		{CEF939A4-2167-42E0-A4AA-9F95DBE784B9}.Release|Any CPU.ActiveCfg = Release|Any CPU
		{CEF939A4-2167-42E0-A4AA-9F95DBE784B9}.Release|Any CPU.Build.0 = Release|Any CPU
	EndGlobalSection
	GlobalSection(SolutionProperties) = preSolution
		HideSolutionNode = FALSE
	EndGlobalSection
	GlobalSection(ExtensibilityGlobals) = postSolution
		SolutionGuid = {84B18450-B908-4C0F-B973-A6CD1BB491C2}
	EndGlobalSection
EndGlobal
